
Microsoft Visual Studio Solution File, Format Version 12.00
# Visual Studio 2012
Project("{FAE04EC0-301F-11D3-BF4B-00C04F79EFBC}") = "Project1", "Project1\Project1.csproj", "{B44E0238-B892-4405-8691-FB07D0E750FF}"
EndProject
Global
	GlobalSection(SolutionConfigurationPlatforms) = preSolution
		Debug|Any CPU = Debug|Any CPU
		Release|Any CPU = Release|Any CPU
	EndGlobalSection
	GlobalSection(ProjectConfigurationPlatforms) = postSolution
		{B44E0238-B892-4405-8691-FB07D0E750FF}.Debug|Any CPU.ActiveCfg = Debug|Any CPU
		{B44E0238-B892-4405-8691-FB07D0E750FF}.Debug|Any CPU.Build.0 = Debug|Any CPU
		{B44E0238-B892-4405-8691-FB07D0E750FF}.Release|Any CPU.ActiveCfg = Release|Any CPU
		{B44E0238-B892-4405-8691-FB07D0E750FF}.Release|Any CPU.Build.0 = Release|Any CPU
	EndGlobalSection
	GlobalSection(SolutionProperties) = preSolution
		HideSolutionNode = FALSE
	EndGlobalSection
EndGlobal
