
Microsoft Visual Studio Solution File, Format Version 12.00
# Visual Studio 2012
Project("{FAE04EC0-301F-11D3-BF4B-00C04F79EFBC}") = "PirateThis.Domain", "MediaLibrary.Domain\PirateThis.Domain.csproj", "{D0665E4A-55DE-4801-9F24-79682A41DF1E}"
EndProject
Project("{FAE04EC0-301F-11D3-BF4B-00C04F79EFBC}") = "PirateThis.WebUI", "MediaLibrary.WebUI\PirateThis.WebUI.csproj", "{D7C93940-BF18-4A27-B770-F4A537B5E30B}"
EndProject
Global
	GlobalSection(SolutionConfigurationPlatforms) = preSolution
		Debug|Any CPU = Debug|Any CPU
		Release|Any CPU = Release|Any CPU
	EndGlobalSection
	GlobalSection(ProjectConfigurationPlatforms) = postSolution
		{D0665E4A-55DE-4801-9F24-79682A41DF1E}.Debug|Any CPU.ActiveCfg = Debug|Any CPU
		{D0665E4A-55DE-4801-9F24-79682A41DF1E}.Debug|Any CPU.Build.0 = Debug|Any CPU
		{D0665E4A-55DE-4801-9F24-79682A41DF1E}.Release|Any CPU.ActiveCfg = Release|Any CPU
		{D0665E4A-55DE-4801-9F24-79682A41DF1E}.Release|Any CPU.Build.0 = Release|Any CPU
		{D7C93940-BF18-4A27-B770-F4A537B5E30B}.Debug|Any CPU.ActiveCfg = Debug|Any CPU
		{D7C93940-BF18-4A27-B770-F4A537B5E30B}.Debug|Any CPU.Build.0 = Debug|Any CPU
		{D7C93940-BF18-4A27-B770-F4A537B5E30B}.Release|Any CPU.ActiveCfg = Release|Any CPU
		{D7C93940-BF18-4A27-B770-F4A537B5E30B}.Release|Any CPU.Build.0 = Release|Any CPU
	EndGlobalSection
	GlobalSection(SolutionProperties) = preSolution
		HideSolutionNode = FALSE
	EndGlobalSection
EndGlobal
